
Microsoft Visual Studio Solution File, Format Version 12.00
# Visual Studio Version 16
VisualStudioVersion = 16.0.28803.352
MinimumVisualStudioVersion = 10.0.40219.1
Project("{FAE04EC0-301F-11D3-BF4B-00C04F79EFBC}") = "WpfApp1", "WpfApp1\WpfApp1.csproj", "{DC9732E3-2437-48F4-9374-3EDC235284B3}"
EndProject
Project("{FAE04EC0-301F-11D3-BF4B-00C04F79EFBC}") = "wpf_MainMenu", "wpf_MainMenu\wpf_MainMenu.csproj", "{7298F6AC-A233-48AE-8327-E27EECD79790}"
EndProject
Global
	GlobalSection(SolutionConfigurationPlatforms) = preSolution
		Debug|Any CPU = Debug|Any CPU
		Release|Any CPU = Release|Any CPU
	EndGlobalSection
	GlobalSection(ProjectConfigurationPlatforms) = postSolution
		{DC9732E3-2437-48F4-9374-3EDC235284B3}.Debug|Any CPU.ActiveCfg = Debug|Any CPU
		{DC9732E3-2437-48F4-9374-3EDC235284B3}.Debug|Any CPU.Build.0 = Debug|Any CPU
		{DC9732E3-2437-48F4-9374-3EDC235284B3}.Release|Any CPU.ActiveCfg = Release|Any CPU
		{DC9732E3-2437-48F4-9374-3EDC235284B3}.Release|Any CPU.Build.0 = Release|Any CPU
		{7298F6AC-A233-48AE-8327-E27EECD79790}.Debug|Any CPU.ActiveCfg = Debug|Any CPU
		{7298F6AC-A233-48AE-8327-E27EECD79790}.Debug|Any CPU.Build.0 = Debug|Any CPU
		{7298F6AC-A233-48AE-8327-E27EECD79790}.Release|Any CPU.ActiveCfg = Release|Any CPU
		{7298F6AC-A233-48AE-8327-E27EECD79790}.Release|Any CPU.Build.0 = Release|Any CPU
	EndGlobalSection
	GlobalSection(SolutionProperties) = preSolution
		HideSolutionNode = FALSE
	EndGlobalSection
	GlobalSection(ExtensibilityGlobals) = postSolution
		SolutionGuid = {A58D5275-2C54-46B2-BBF8-2D2ED6EA0889}
	EndGlobalSection
EndGlobal
